{
  "originHash" : "7ea1d8cbe5db9b17ceb9fa2599ea04b441395987a5061603882fa11fc582e726",
  "pins" : [
    {
      "identity" : "capacitor-swift-pm",
      "kind" : "remoteSourceControl",
      "location" : "https://github.com/ionic-team/capacitor-swift-pm.git",
      "state" : {
        "revision" : "6a2a3feb25fda8df2a284d0818bc9c83e57a7d56",
        "version" : "8.3.0"
      }
    }
  ],
  "version" : 3
}
